
Microsoft Visual Studio Solution File, Format Version 12.00
# Visual Studio Version 17
VisualStudioVersion = 17.7.34003.232
MinimumVisualStudioVersion = 10.0.40219.1
Project("{FAE04EC0-301F-11D3-BF4B-00C04F79EFBC}") = "ToDoMauiClient", "ToDoMauiClient\ToDoMauiClient.csproj", "{EC429FCB-A1B1-47D4-AFFE-06A8FB6C9287}"
EndProject
Global
	GlobalSection(SolutionConfigurationPlatforms) = preSolution
		Debug|Any CPU = Debug|Any CPU
		Release|Any CPU = Release|Any CPU
	EndGlobalSection
	GlobalSection(ProjectConfigurationPlatforms) = postSolution
		{EC429FCB-A1B1-47D4-AFFE-06A8FB6C9287}.Debug|Any CPU.ActiveCfg = Debug|Any CPU
		{EC429FCB-A1B1-47D4-AFFE-06A8FB6C9287}.Debug|Any CPU.Build.0 = Debug|Any CPU
		{EC429FCB-A1B1-47D4-AFFE-06A8FB6C9287}.Debug|Any CPU.Deploy.0 = Debug|Any CPU
		{EC429FCB-A1B1-47D4-AFFE-06A8FB6C9287}.Release|Any CPU.ActiveCfg = Release|Any CPU
		{EC429FCB-A1B1-47D4-AFFE-06A8FB6C9287}.Release|Any CPU.Build.0 = Release|Any CPU
		{EC429FCB-A1B1-47D4-AFFE-06A8FB6C9287}.Release|Any CPU.Deploy.0 = Release|Any CPU
	EndGlobalSection
	GlobalSection(SolutionProperties) = preSolution
		HideSolutionNode = FALSE
	EndGlobalSection
	GlobalSection(ExtensibilityGlobals) = postSolution
		SolutionGuid = {73181CF9-0642-4BF5-8DE2-CA1AF118BBEC}
	EndGlobalSection
EndGlobal
